{
  "version": 4,
  "terraform_version": "1.8.0",
  "serial": 130,
  "lineage": "2246738d-9e70-2175-4363-39e40c27cc78",
  "outputs": {
    "agent_role_arn": {
      "value": "arn:aws:iam::942466511124:role/dagster-agent-task-0c5c98f334d31c8a09bff4d8e0",
      "type": "string"
    },
    "cluster_arn": {
      "value": "arn:aws:ecs:us-east-2:942466511124:cluster/Dagster-Cloud-robzvo-prod-Cluster",
      "type": "string"
    },
    "cluster_name": {
      "value": "Dagster-Cloud-robzvo-prod-Cluster",
      "type": "string"
    },
    "log_group_name": {
      "value": "/dagster-cloud/robzvo/agent-a33ec8e577cd7925a7f60b0e44",
      "type": "string"
    },
    "service_discovery_namespace_id": {
      "value": "ns-opbhvdkql3tjwcsf",
      "type": "string"
    },
    "service_name": {
      "value": "Dagster-Cloud-robzvo-prod-Agent",
      "type": "string"
    },
    "subnet_ids": {
      "value": [
        "subnet-0296ed52a0fc4a5f4",
        "subnet-0e7a6a36221aa8837",
        "subnet-075388949d7d6aa3e"
      ],
      "type": [
        "tuple",
        [
          "string",
          "string",
          "string"
        ]
      ]
    },
    "task_definition_arn": {
      "value": "arn:aws:ecs:us-east-2:942466511124:task-definition/Dagster-Cloud-robzvo-prod-Agent:3",
      "type": "string"
    },
    "task_execution_role_arn": {
      "value": "arn:aws:iam::942466511124:role/dagster-agent-exec-c53b30cc3358b39aedfdc7ca81",
      "type": "string"
    },
    "template_version": {
      "value": "1.13.18",
      "type": "string"
    },
    "vpc_id": {
      "value": "vpc-066abc7793d04e9d3",
      "type": "string"
    }
  },
  "resources": [
    {
      "mode": "data",
      "type": "aws_availability_zones",
      "name": "available",
      "provider": "provider[\"registry.terraform.io/hashicorp/aws\"]",
      "instances": [
        {
          "schema_version": 0,
          "attributes": {
            "all_availability_zones": null,
            "exclude_names": null,
            "exclude_zone_ids": null,
            "filter": null,
            "group_names": [
              "us-east-2-zg-1"
            ],
            "id": "us-east-2",
            "names": [
              "us-east-2a",
              "us-east-2b",
              "us-east-2c"
            ],
            "region": "us-east-2",
            "state": "available",
            "timeouts": null,
            "zone_ids": [
              "use2-az1",
              "use2-az2",
              "use2-az3"
            ]
          },
          "sensitive_attributes": []
        }
      ]
    },
    {
      "mode": "data",
      "type": "aws_caller_identity",
      "name": "current",
      "provider": "provider[\"registry.terraform.io/hashicorp/aws\"]",
      "instances": [
        {
          "schema_version": 0,
          "attributes": {
            "account_id": "942466511124",
            "arn": "arn:aws:iam::942466511124:user/terraform-user",
            "id": "942466511124",
            "user_id": "AIDA5W33BWEKPDSI22WGZ"
          },
          "sensitive_attributes": []
        }
      ]
    },
    {
      "mode": "data",
      "type": "aws_iam_policy_document",
      "name": "agent",
      "provider": "provider[\"registry.terraform.io/hashicorp/aws\"]",
      "instances": [
        {
          "schema_version": 0,
          "attributes": {
            "id": "1115185298",
            "json": "{\n  \"Version\": \"2012-10-17\",\n  \"Statement\": [\n    {\n      \"Sid\": \"Secrets\",\n      \"Effect\": \"Allow\",\n      \"Action\": [\n        \"secretsmanager:ListSecrets\",\n        \"secretsmanager:GetSecretValue\",\n        \"secretsmanager:DescribeSecret\",\n        \"ecs:ListTagsForResource\"\n      ],\n      \"Resource\": \"*\"\n    },\n    {\n      \"Sid\": \"Describe\",\n      \"Effect\": \"Allow\",\n      \"Action\": [\n        \"ecs:ListAccountSettings\",\n        \"ec2:DescribeRouteTables\",\n        \"ec2:DescribeNetworkInterfaces\"\n      ],\n      \"Resource\": \"*\"\n    },\n    {\n      \"Sid\": \"ManageServicesInCluster\",\n      \"Effect\": \"Allow\",\n      \"Action\": [\n        \"ecs:UpdateService\",\n        \"ecs:StopTask\",\n        \"ecs:RunTask\",\n        \"ecs:ListTasks\",\n        \"ecs:ListServices\",\n        \"ecs:DescribeTasks\",\n        \"ecs:DescribeServices\",\n        \"ecs:DeleteService\",\n        \"ecs:CreateService\"\n      ],\n      \"Resource\": \"*\",\n      \"Condition\": {\n        \"ArnLike\": {\n          \"ecs:cluster\": \"arn:aws:ecs:us-east-2:942466511124:cluster/Dagster-Cloud-robzvo-prod-Cluster\"\n        }\n      }\n    },\n    {\n      \"Sid\": \"TagClusterResources\",\n      \"Effect\": \"Allow\",\n      \"Action\": \"ecs:TagResource\",\n      \"Resource\": \"arn:aws:ecs:us-east-2:942466511124:cluster/Dagster-Cloud-robzvo-prod-Cluster*\"\n    },\n    {\n      \"Sid\": \"TaskDefinitions\",\n      \"Effect\": \"Allow\",\n      \"Action\": [\n        \"ecs:TagResource\",\n        \"ecs:RegisterTaskDefinition\",\n        \"ecs:DescribeTaskDefinition\"\n      ],\n      \"Resource\": \"*\"\n    },\n    {\n      \"Sid\": \"PassRole\",\n      \"Effect\": \"Allow\",\n      \"Action\": \"iam:PassRole\",\n      \"Resource\": \"*\"\n    },\n    {\n      \"Sid\": \"ReadAgentLogs\",\n      \"Effect\": \"Allow\",\n      \"Action\": \"logs:GetLogEvents\",\n      \"Resource\": \"arn:aws:logs:us-east-2:942466511124:log-group:/dagster-cloud/robzvo/agent-a33ec8e577cd7925a7f60b0e44:log-stream:*\"\n    },\n    {\n      \"Sid\": \"ServiceDiscovery\",\n      \"Effect\": \"Allow\",\n      \"Action\": [\n        \"servicediscovery:ListTagsForResource\",\n        \"servicediscovery:ListServices\",\n        \"servicediscovery:ListInstances\",\n        \"servicediscovery:GetOperation\",\n        \"servicediscovery:DeregisterInstance\",\n        \"servicediscovery:DeleteService\"\n      ],\n      \"Resource\": \"*\"\n    },\n    {\n      \"Sid\": \"GetNamespace\",\n      \"Effect\": \"Allow\",\n      \"Action\": \"servicediscovery:GetNamespace\",\n      \"Resource\": \"arn:aws:servicediscovery:us-east-2:942466511124:namespace/ns-opbhvdkql3tjwcsf\"\n    },\n    {\n      \"Sid\": \"CreateServiceDiscoveryService\",\n      \"Effect\": \"Allow\",\n      \"Action\": [\n        \"servicediscovery:TagResource\",\n        \"servicediscovery:CreateService\"\n      ],\n      \"Resource\": [\n        \"arn:aws:servicediscovery:us-east-2:942466511124:service/*\",\n        \"arn:aws:servicediscovery:us-east-2:942466511124:namespace/ns-opbhvdkql3tjwcsf\"\n      ]\n    },\n    {\n      \"Sid\": \"GetResources\",\n      \"Effect\": \"Allow\",\n      \"Action\": \"tag:GetResources\",\n      \"Resource\": \"*\"\n    }\n  ]\n}",
            "minified_json": "{\"Version\":\"2012-10-17\",\"Statement\":[{\"Sid\":\"Secrets\",\"Effect\":\"Allow\",\"Action\":[\"secretsmanager:ListSecrets\",\"secretsmanager:GetSecretValue\",\"secretsmanager:DescribeSecret\",\"ecs:ListTagsForResource\"],\"Resource\":\"*\"},{\"Sid\":\"Describe\",\"Effect\":\"Allow\",\"Action\":[\"ecs:ListAccountSettings\",\"ec2:DescribeRouteTables\",\"ec2:DescribeNetworkInterfaces\"],\"Resource\":\"*\"},{\"Sid\":\"ManageServicesInCluster\",\"Effect\":\"Allow\",\"Action\":[\"ecs:UpdateService\",\"ecs:StopTask\",\"ecs:RunTask\",\"ecs:ListTasks\",\"ecs:ListServices\",\"ecs:DescribeTasks\",\"ecs:DescribeServices\",\"ecs:DeleteService\",\"ecs:CreateService\"],\"Resource\":\"*\",\"Condition\":{\"ArnLike\":{\"ecs:cluster\":\"arn:aws:ecs:us-east-2:942466511124:cluster/Dagster-Cloud-robzvo-prod-Cluster\"}}},{\"Sid\":\"TagClusterResources\",\"Effect\":\"Allow\",\"Action\":\"ecs:TagResource\",\"Resource\":\"arn:aws:ecs:us-east-2:942466511124:cluster/Dagster-Cloud-robzvo-prod-Cluster*\"},{\"Sid\":\"TaskDefinitions\",\"Effect\":\"Allow\",\"Action\":[\"ecs:TagResource\",\"ecs:RegisterTaskDefinition\",\"ecs:DescribeTaskDefinition\"],\"Resource\":\"*\"},{\"Sid\":\"PassRole\",\"Effect\":\"Allow\",\"Action\":\"iam:PassRole\",\"Resource\":\"*\"},{\"Sid\":\"ReadAgentLogs\",\"Effect\":\"Allow\",\"Action\":\"logs:GetLogEvents\",\"Resource\":\"arn:aws:logs:us-east-2:942466511124:log-group:/dagster-cloud/robzvo/agent-a33ec8e577cd7925a7f60b0e44:log-stream:*\"},{\"Sid\":\"ServiceDiscovery\",\"Effect\":\"Allow\",\"Action\":[\"servicediscovery:ListTagsForResource\",\"servicediscovery:ListServices\",\"servicediscovery:ListInstances\",\"servicediscovery:GetOperation\",\"servicediscovery:DeregisterInstance\",\"servicediscovery:DeleteService\"],\"Resource\":\"*\"},{\"Sid\":\"GetNamespace\",\"Effect\":\"Allow\",\"Action\":\"servicediscovery:GetNamespace\",\"Resource\":\"arn:aws:servicediscovery:us-east-2:942466511124:namespace/ns-opbhvdkql3tjwcsf\"},{\"Sid\":\"CreateServiceDiscoveryService\",\"Effect\":\"Allow\",\"Action\":[\"servicediscovery:TagResource\",\"servicediscovery:CreateService\"],\"Resource\":[\"arn:aws:servicediscovery:us-east-2:942466511124:service/*\",\"arn:aws:servicediscovery:us-east-2:942466511124:namespace/ns-opbhvdkql3tjwcsf\"]},{\"Sid\":\"GetResources\",\"Effect\":\"Allow\",\"Action\":\"tag:GetResources\",\"Resource\":\"*\"}]}",
            "override_json": null,
            "override_policy_documents": null,
            "policy_id": null,
            "source_json": null,
            "source_policy_documents": null,
            "statement": [
              {
                "actions": [
                  "ecs:ListTagsForResource",
                  "secretsmanager:DescribeSecret",
                  "secretsmanager:GetSecretValue",
                  "secretsmanager:ListSecrets"
                ],
                "condition": [],
                "effect": "Allow",
                "not_actions": [],
                "not_principals": [],
                "not_resources": [],
                "principals": [],
                "resources": [
                  "*"
                ],
                "sid": "Secrets"
              },
              {
                "actions": [
                  "ec2:DescribeNetworkInterfaces",
                  "ec2:DescribeRouteTables",
                  "ecs:ListAccountSettings"
                ],
                "condition": [],
                "effect": "Allow",
                "not_actions": [],
                "not_principals": [],
                "not_resources": [],
                "principals": [],
                "resources": [
                  "*"
                ],
                "sid": "Describe"
              },
              {
                "actions": [
                  "ecs:CreateService",
                  "ecs:DeleteService",
                  "ecs:DescribeServices",
                  "ecs:DescribeTasks",
                  "ecs:ListServices",
                  "ecs:ListTasks",
                  "ecs:RunTask",
                  "ecs:StopTask",
                  "ecs:UpdateService"
                ],
                "condition": [
                  {
                    "test": "ArnLike",
                    "values": [
                      "arn:aws:ecs:us-east-2:942466511124:cluster/Dagster-Cloud-robzvo-prod-Cluster"
                    ],
                    "variable": "ecs:cluster"
                  }
                ],
                "effect": "Allow",
                "not_actions": [],
                "not_principals": [],
                "not_resources": [],
                "principals": [],
                "resources": [
                  "*"
                ],
                "sid": "ManageServicesInCluster"
              },
              {
                "actions": [
                  "ecs:TagResource"
                ],
                "condition": [],
                "effect": "Allow",
                "not_actions": [],
                "not_principals": [],
                "not_resources": [],
                "principals": [],
                "resources": [
                  "arn:aws:ecs:us-east-2:942466511124:cluster/Dagster-Cloud-robzvo-prod-Cluster*"
                ],
                "sid": "TagClusterResources"
              },
              {
                "actions": [
                  "ecs:DescribeTaskDefinition",
                  "ecs:RegisterTaskDefinition",
                  "ecs:TagResource"
                ],
                "condition": [],
                "effect": "Allow",
                "not_actions": [],
                "not_principals": [],
                "not_resources": [],
                "principals": [],
                "resources": [
                  "*"
                ],
                "sid": "TaskDefinitions"
              },
              {
                "actions": [
                  "iam:PassRole"
                ],
                "condition": [],
                "effect": "Allow",
                "not_actions": [],
                "not_principals": [],
                "not_resources": [],
                "principals": [],
                "resources": [
                  "*"
                ],
                "sid": "PassRole"
              },
              {
                "actions": [
                  "logs:GetLogEvents"
                ],
                "condition": [],
                "effect": "Allow",
                "not_actions": [],
                "not_principals": [],
                "not_resources": [],
                "principals": [],
                "resources": [
                  "arn:aws:logs:us-east-2:942466511124:log-group:/dagster-cloud/robzvo/agent-a33ec8e577cd7925a7f60b0e44:log-stream:*"
                ],
                "sid": "ReadAgentLogs"
              },
              {
                "actions": [
                  "servicediscovery:DeleteService",
                  "servicediscovery:DeregisterInstance",
                  "servicediscovery:GetOperation",
                  "servicediscovery:ListInstances",
                  "servicediscovery:ListServices",
                  "servicediscovery:ListTagsForResource"
                ],
                "condition": [],
                "effect": "Allow",
                "not_actions": [],
                "not_principals": [],
                "not_resources": [],
                "principals": [],
                "resources": [
                  "*"
                ],
                "sid": "ServiceDiscovery"
              },
              {
                "actions": [
                  "servicediscovery:GetNamespace"
                ],
                "condition": [],
                "effect": "Allow",
                "not_actions": [],
                "not_principals": [],
                "not_resources": [],
                "principals": [],
                "resources": [
                  "arn:aws:servicediscovery:us-east-2:942466511124:namespace/ns-opbhvdkql3tjwcsf"
                ],
                "sid": "GetNamespace"
              },
              {
                "actions": [
                  "servicediscovery:CreateService",
                  "servicediscovery:TagResource"
                ],
                "condition": [],
                "effect": "Allow",
                "not_actions": [],
                "not_principals": [],
                "not_resources": [],
                "principals": [],
                "resources": [
                  "arn:aws:servicediscovery:us-east-2:942466511124:namespace/ns-opbhvdkql3tjwcsf",
                  "arn:aws:servicediscovery:us-east-2:942466511124:service/*"
                ],
                "sid": "CreateServiceDiscoveryService"
              },
              {
                "actions": [
                  "tag:GetResources"
                ],
                "condition": [],
                "effect": "Allow",
                "not_actions": [],
                "not_principals": [],
                "not_resources": [],
                "principals": [],
                "resources": [
                  "*"
                ],
                "sid": "GetResources"
              }
            ],
            "version": "2012-10-17"
          },
          "sensitive_attributes": []
        }
      ]
    },
    {
      "mode": "data",
      "type": "aws_iam_policy_document",
      "name": "ecs_tasks_assume_role",
      "provider": "provider[\"registry.terraform.io/hashicorp/aws\"]",
      "instances": [
        {
          "schema_version": 0,
          "attributes": {
            "id": "61173059",
            "json": "{\n  \"Version\": \"2012-10-17\",\n  \"Statement\": [\n    {\n      \"Effect\": \"Allow\",\n      \"Action\": \"sts:AssumeRole\",\n      \"Principal\": {\n        \"Service\": \"ecs-tasks.amazonaws.com\"\n      },\n      \"Condition\": {\n        \"ArnLike\": {\n          \"aws:SourceArn\": \"arn:aws:ecs:us-east-2:942466511124:*\"\n        },\n        \"StringEquals\": {\n          \"aws:SourceAccount\": \"942466511124\"\n        }\n      }\n    }\n  ]\n}",
            "minified_json": "{\"Version\":\"2012-10-17\",\"Statement\":[{\"Effect\":\"Allow\",\"Action\":\"sts:AssumeRole\",\"Principal\":{\"Service\":\"ecs-tasks.amazonaws.com\"},\"Condition\":{\"ArnLike\":{\"aws:SourceArn\":\"arn:aws:ecs:us-east-2:942466511124:*\"},\"StringEquals\":{\"aws:SourceAccount\":\"942466511124\"}}}]}",
            "override_json": null,
            "override_policy_documents": null,
            "policy_id": null,
            "source_json": null,
            "source_policy_documents": null,
            "statement": [
              {
                "actions": [
                  "sts:AssumeRole"
                ],
                "condition": [
                  {
                    "test": "ArnLike",
                    "values": [
                      "arn:aws:ecs:us-east-2:942466511124:*"
                    ],
                    "variable": "aws:SourceArn"
                  },
                  {
                    "test": "StringEquals",
                    "values": [
                      "942466511124"
                    ],
                    "variable": "aws:SourceAccount"
                  }
                ],
                "effect": "Allow",
                "not_actions": [],
                "not_principals": [],
                "not_resources": [],
                "principals": [
                  {
                    "identifiers": [
                      "ecs-tasks.amazonaws.com"
                    ],
                    "type": "Service"
                  }
                ],
                "resources": [],
                "sid": ""
              }
            ],
            "version": "2012-10-17"
          },
          "sensitive_attributes": []
        }
      ]
    },
    {
      "mode": "data",
      "type": "aws_iam_policy_document",
      "name": "task_execution_secrets",
      "provider": "provider[\"registry.terraform.io/hashicorp/aws\"]",
      "instances": [
        {
          "schema_version": 0,
          "attributes": {
            "id": "1577208604",
            "json": "{\n  \"Version\": \"2012-10-17\",\n  \"Statement\": [\n    {\n      \"Sid\": \"Secrets\",\n      \"Effect\": \"Allow\",\n      \"Action\": [\n        \"secretsmanager:GetSecretValue\",\n        \"secretsmanager:DescribeSecret\"\n      ],\n      \"Resource\": \"*\"\n    }\n  ]\n}",
            "minified_json": "{\"Version\":\"2012-10-17\",\"Statement\":[{\"Sid\":\"Secrets\",\"Effect\":\"Allow\",\"Action\":[\"secretsmanager:GetSecretValue\",\"secretsmanager:DescribeSecret\"],\"Resource\":\"*\"}]}",
            "override_json": null,
            "override_policy_documents": null,
            "policy_id": null,
            "source_json": null,
            "source_policy_documents": null,
            "statement": [
              {
                "actions": [
                  "secretsmanager:DescribeSecret",
                  "secretsmanager:GetSecretValue"
                ],
                "condition": [],
                "effect": "Allow",
                "not_actions": [],
                "not_principals": [],
                "not_resources": [],
                "principals": [],
                "resources": [
                  "*"
                ],
                "sid": "Secrets"
              }
            ],
            "version": "2012-10-17"
          },
          "sensitive_attributes": []
        }
      ]
    },
    {
      "mode": "data",
      "type": "aws_partition",
      "name": "this",
      "provider": "provider[\"registry.terraform.io/hashicorp/aws\"]",
      "instances": [
        {
          "schema_version": 0,
          "attributes": {
            "dns_suffix": "amazonaws.com",
            "id": "aws",
            "partition": "aws",
            "reverse_dns_prefix": "com.amazonaws"
          },
          "sensitive_attributes": []
        }
      ]
    },
    {
      "mode": "data",
      "type": "aws_region",
      "name": "current",
      "provider": "provider[\"registry.terraform.io/hashicorp/aws\"]",
      "instances": [
        {
          "schema_version": 0,
          "attributes": {
            "description": "US East (Ohio)",
            "endpoint": "ec2.us-east-2.amazonaws.com",
            "id": "us-east-2",
            "name": "us-east-2",
            "region": "us-east-2"
          },
          "sensitive_attributes": []
        }
      ]
    },
    {
      "mode": "managed",
      "type": "aws_cloudwatch_log_group",
      "name": "agent",
      "provider": "provider[\"registry.terraform.io/hashicorp/aws\"]",
      "instances": [
        {
          "schema_version": 0,
          "attributes": {
            "arn": "arn:aws:logs:us-east-2:942466511124:log-group:/dagster-cloud/robzvo/agent-a33ec8e577cd7925a7f60b0e44",
            "deletion_protection_enabled": false,
            "id": "/dagster-cloud/robzvo/agent-a33ec8e577cd7925a7f60b0e44",
            "kms_key_id": "",
            "log_group_class": "STANDARD",
            "name": "/dagster-cloud/robzvo/agent-a33ec8e577cd7925a7f60b0e44",
            "name_prefix": "/dagster-cloud/robzvo/agent-",
            "region": "us-east-2",
            "retention_in_days": 7,
            "skip_destroy": false,
            "tags": {},
            "tags_all": {}
          },
          "sensitive_attributes": [],
          "private": "bnVsbA=="
        }
      ]
    },
    {
      "mode": "managed",
      "type": "aws_ecr_repository",
      "name": "dagster_user_code",
      "provider": "provider[\"registry.terraform.io/hashicorp/aws\"]",
      "instances": [
        {
          "schema_version": 0,
          "attributes": {
            "arn": "arn:aws:ecr:us-east-2:942466511124:repository/dagster-ecs/user_code",
            "encryption_configuration": [
              {
                "encryption_type": "AES256",
                "kms_key": ""
              }
            ],
            "force_delete": null,
            "id": "dagster-ecs/user_code",
            "image_scanning_configuration": [
              {
                "scan_on_push": true
              }
            ],
            "image_tag_mutability": "MUTABLE",
            "image_tag_mutability_exclusion_filter": [],
            "name": "dagster-ecs/user_code",
            "region": "us-east-2",
            "registry_id": "942466511124",
            "repository_url": "942466511124.dkr.ecr.us-east-2.amazonaws.com/dagster-ecs/user_code",
            "tags": {},
            "tags_all": {},
            "timeouts": null
          },
          "sensitive_attributes": [],
          "private": "eyJlMmJmYjczMC1lY2FhLTExZTYtOGY4OC0zNDM2M2JjN2M0YzAiOnsiZGVsZXRlIjoxMjAwMDAwMDAwMDAwfX0="
        }
      ]
    },
    {
      "mode": "managed",
      "type": "aws_ecs_cluster",
      "name": "agent",
      "provider": "provider[\"registry.terraform.io/hashicorp/aws\"]",
      "instances": [
        {
          "schema_version": 0,
          "attributes": {
            "arn": "arn:aws:ecs:us-east-2:942466511124:cluster/Dagster-Cloud-robzvo-prod-Cluster",
            "configuration": [],
            "id": "arn:aws:ecs:us-east-2:942466511124:cluster/Dagster-Cloud-robzvo-prod-Cluster",
            "name": "Dagster-Cloud-robzvo-prod-Cluster",
            "region": "us-east-2",
            "service_connect_defaults": [],
            "setting": [
              {
                "name": "containerInsights",
                "value": "disabled"
              }
            ],
            "tags": {},
            "tags_all": {}
          },
          "sensitive_attributes": [],
          "private": "bnVsbA=="
        }
      ]
    },
    {
      "mode": "managed",
      "type": "aws_ecs_cluster_capacity_providers",
      "name": "agent",
      "provider": "provider[\"registry.terraform.io/hashicorp/aws\"]",
      "instances": [
        {
          "schema_version": 0,
          "attributes": {
            "capacity_providers": [
              "FARGATE"
            ],
            "cluster_name": "Dagster-Cloud-robzvo-prod-Cluster",
            "default_capacity_provider_strategy": [
              {
                "base": 0,
                "capacity_provider": "FARGATE",
                "weight": 1
              }
            ],
            "id": "Dagster-Cloud-robzvo-prod-Cluster",
            "region": "us-east-2"
          },
          "sensitive_attributes": [],
          "private": "bnVsbA==",
          "dependencies": [
            "aws_ecs_cluster.agent"
          ]
        }
      ]
    },
    {
      "mode": "managed",
      "type": "aws_ecs_service",
      "name": "agent",
      "provider": "provider[\"registry.terraform.io/hashicorp/aws\"]",
      "instances": [
        {
          "schema_version": 1,
          "attributes": {
            "alarms": [],
            "arn": "arn:aws:ecs:us-east-2:942466511124:service/Dagster-Cloud-robzvo-prod-Cluster/Dagster-Cloud-robzvo-prod-Agent",
            "availability_zone_rebalancing": "DISABLED",
            "capacity_provider_strategy": [],
            "cluster": "arn:aws:ecs:us-east-2:942466511124:cluster/Dagster-Cloud-robzvo-prod-Cluster",
            "deployment_circuit_breaker": [
              {
                "enable": true,
                "rollback": true
              }
            ],
            "deployment_configuration": [
              {
                "bake_time_in_minutes": "0",
                "canary_configuration": [],
                "lifecycle_hook": [],
                "linear_configuration": [],
                "strategy": "ROLLING"
              }
            ],
            "deployment_controller": [
              {
                "type": "ECS"
              }
            ],
            "deployment_maximum_percent": 100,
            "deployment_minimum_healthy_percent": 0,
            "desired_count": 1,
            "enable_ecs_managed_tags": false,
            "enable_execute_command": false,
            "force_delete": null,
            "force_new_deployment": null,
            "health_check_grace_period_seconds": 0,
            "iam_role": "/aws-service-role/ecs.amazonaws.com/AWSServiceRoleForECS",
            "id": "arn:aws:ecs:us-east-2:942466511124:service/Dagster-Cloud-robzvo-prod-Cluster/Dagster-Cloud-robzvo-prod-Agent",
            "launch_type": "FARGATE",
            "load_balancer": [],
            "name": "Dagster-Cloud-robzvo-prod-Agent",
            "network_configuration": [
              {
                "assign_public_ip": true,
                "security_groups": [],
                "subnets": [
                  "subnet-0296ed52a0fc4a5f4",
                  "subnet-075388949d7d6aa3e",
                  "subnet-0e7a6a36221aa8837"
                ]
              }
            ],
            "ordered_placement_strategy": [],
            "placement_constraints": [],
            "platform_version": "LATEST",
            "propagate_tags": "NONE",
            "region": "us-east-2",
            "scheduling_strategy": "REPLICA",
            "service_connect_configuration": [],
            "service_registries": [],
            "sigint_rollback": null,
            "tags": {},
            "tags_all": {},
            "task_definition": "arn:aws:ecs:us-east-2:942466511124:task-definition/Dagster-Cloud-robzvo-prod-Agent:3",
            "timeouts": null,
            "triggers": {},
            "volume_configuration": [],
            "vpc_lattice_configurations": [],
            "wait_for_steady_state": false
          },
          "sensitive_attributes": [],
          "private": "eyJlMmJmYjczMC1lY2FhLTExZTYtOGY4OC0zNDM2M2JjN2M0YzAiOnsiY3JlYXRlIjoxMjAwMDAwMDAwMDAwLCJkZWxldGUiOjEyMDAwMDAwMDAwMDAsInVwZGF0ZSI6MTIwMDAwMDAwMDAwMH0sInNjaGVtYV92ZXJzaW9uIjoiMSJ9",
          "dependencies": [
            "aws_cloudwatch_log_group.agent",
            "aws_ecs_cluster.agent",
            "aws_ecs_task_definition.agent",
            "aws_iam_role.agent",
            "aws_iam_role.task_execution",
            "aws_iam_role_policy.agent",
            "aws_iam_role_policy_attachment.task_execution",
            "aws_internet_gateway.agent",
            "aws_route.to_gateway",
            "aws_route_table.public",
            "aws_route_table_association.public",
            "aws_service_discovery_private_dns_namespace.agent",
            "aws_subnet.agent",
            "aws_vpc.agent",
            "data.aws_availability_zones.available",
            "data.aws_caller_identity.current",
            "data.aws_iam_policy_document.agent",
            "data.aws_iam_policy_document.ecs_tasks_assume_role",
            "data.aws_region.current",
            "random_id.namespace_suffix"
          ]
        }
      ]
    },
    {
      "mode": "managed",
      "type": "aws_ecs_task_definition",
      "name": "agent",
      "provider": "provider[\"registry.terraform.io/hashicorp/aws\"]",
      "instances": [
        {
          "schema_version": 1,
          "attributes": {
            "arn": "arn:aws:ecs:us-east-2:942466511124:task-definition/Dagster-Cloud-robzvo-prod-Agent:3",
            "arn_without_revision": "arn:aws:ecs:us-east-2:942466511124:task-definition/Dagster-Cloud-robzvo-prod-Agent",
            "container_definitions": "[{\"command\":[\"/bin/bash -c \\\"\\nmkdir -p $DAGSTER_HOME \u0026\u0026 echo 'instance_class:\\n  module: dagster_cloud\\n  class: DagsterCloudAgentInstance\\n\\ndagster_cloud_api:\\n  url: \\\\\\\"https://robzvo.agent.dagster.cloud\\\\\\\"\\n  agent_token: \\\\\\\"agent:robzvo:1671b3ae8f3d4ff689d03e74604a6c8d\\\\\\\"\\n  deployment: prod\\n  branch_deployments: true\\n\\nuser_code_launcher:\\n  module: dagster_cloud.workspace.ecs\\n  class: EcsUserCodeLauncher\\n  config:\\n    cluster: Dagster-Cloud-robzvo-prod-Cluster\\n    subnets: [subnet-0296ed52a0fc4a5f4,subnet-0e7a6a36221aa8837,subnet-075388949d7d6aa3e]\\n    service_discovery_namespace_id: ns-opbhvdkql3tjwcsf\\n    execution_role_arn: arn:aws:iam::942466511124:role/dagster-agent-exec-c53b30cc3358b39aedfdc7ca81\\n    task_role_arn: arn:aws:iam::942466511124:role/dagster-agent-task-0c5c98f334d31c8a09bff4d8e0\\n    log_group: /dagster-cloud/robzvo/agent-a33ec8e577cd7925a7f60b0e44\\n    requires_healthcheck: false\\n    code_server_metrics:\\n      enabled: false\\n    agent_metrics:\\n      enabled: false\\n' \u003e $DAGSTER_HOME/dagster.yaml \u0026\u0026 dagster-cloud agent run\\\"\"],\"entryPoint\":[\"bash\",\"-c\"],\"environment\":[{\"name\":\"DAGSTER_CLOUD_AGENT_CPU_LIMIT\",\"value\":\"256\"},{\"name\":\"DAGSTER_CLOUD_AGENT_MEMORY_LIMIT\",\"value\":\"1024\"},{\"name\":\"DAGSTER_HOME\",\"value\":\"/opt/dagster/dagster_home\"}],\"essential\":true,\"image\":\"docker.io/dagster/dagster-cloud-agent:1.13.18\",\"logConfiguration\":{\"logDriver\":\"awslogs\",\"options\":{\"awslogs-stream-prefix\":\"agent\",\"awslogs-group\":\"/dagster-cloud/robzvo/agent-a33ec8e577cd7925a7f60b0e44\",\"awslogs-region\":\"us-east-2\"}},\"mountPoints\":[],\"name\":\"DagsterAgent\",\"portMappings\":[],\"stopTimeout\":120,\"systemControls\":[],\"volumesFrom\":[]}]",
            "cpu": "256",
            "enable_fault_injection": false,
            "ephemeral_storage": [],
            "execution_role_arn": "arn:aws:iam::942466511124:role/dagster-agent-exec-c53b30cc3358b39aedfdc7ca81",
            "family": "Dagster-Cloud-robzvo-prod-Agent",
            "id": "Dagster-Cloud-robzvo-prod-Agent",
            "ipc_mode": "",
            "memory": "1024",
            "network_mode": "awsvpc",
            "pid_mode": "",
            "placement_constraints": [],
            "proxy_configuration": [],
            "region": "us-east-2",
            "requires_compatibilities": [
              "FARGATE"
            ],
            "revision": 3,
            "runtime_platform": [],
            "skip_destroy": false,
            "tags": null,
            "tags_all": {},
            "task_role_arn": "arn:aws:iam::942466511124:role/dagster-agent-task-0c5c98f334d31c8a09bff4d8e0",
            "track_latest": false,
            "volume": []
          },
          "sensitive_attributes": [
            [
              {
                "type": "get_attr",
                "value": "container_definitions"
              }
            ]
          ],
          "private": "eyJzY2hlbWFfdmVyc2lvbiI6IjEifQ==",
          "dependencies": [
            "aws_cloudwatch_log_group.agent",
            "aws_ecs_cluster.agent",
            "aws_iam_role.agent",
            "aws_iam_role.task_execution",
            "aws_service_discovery_private_dns_namespace.agent",
            "aws_subnet.agent",
            "aws_vpc.agent",
            "data.aws_availability_zones.available",
            "data.aws_caller_identity.current",
            "data.aws_iam_policy_document.ecs_tasks_assume_role",
            "data.aws_region.current",
            "random_id.namespace_suffix"
          ]
        }
      ]
    },
    {
      "mode": "managed",
      "type": "aws_iam_role",
      "name": "agent",
      "provider": "provider[\"registry.terraform.io/hashicorp/aws\"]",
      "instances": [
        {
          "schema_version": 0,
          "attributes": {
            "arn": "arn:aws:iam::942466511124:role/dagster-agent-task-0c5c98f334d31c8a09bff4d8e0",
            "assume_role_policy": "{\"Statement\":[{\"Action\":\"sts:AssumeRole\",\"Condition\":{\"ArnLike\":{\"aws:SourceArn\":\"arn:aws:ecs:us-east-2:942466511124:*\"},\"StringEquals\":{\"aws:SourceAccount\":\"942466511124\"}},\"Effect\":\"Allow\",\"Principal\":{\"Service\":\"ecs-tasks.amazonaws.com\"}}],\"Version\":\"2012-10-17\"}",
            "create_date": "2026-08-19T23:39:34Z",
            "description": "",
            "force_detach_policies": false,
            "id": "dagster-agent-task-0c5c98f334d31c8a09bff4d8e0",
            "inline_policy": [
              {
                "name": "root",
                "policy": "{\"Version\":\"2012-10-17\",\"Statement\":[{\"Action\":[\"secretsmanager:ListSecrets\",\"secretsmanager:GetSecretValue\",\"secretsmanager:DescribeSecret\",\"ecs:ListTagsForResource\"],\"Effect\":\"Allow\",\"Resource\":\"*\",\"Sid\":\"Secrets\"},{\"Action\":[\"ecs:ListAccountSettings\",\"ec2:DescribeRouteTables\",\"ec2:DescribeNetworkInterfaces\"],\"Effect\":\"Allow\",\"Resource\":\"*\",\"Sid\":\"Describe\"},{\"Action\":[\"ecs:UpdateService\",\"ecs:StopTask\",\"ecs:RunTask\",\"ecs:ListTasks\",\"ecs:ListServices\",\"ecs:DescribeTasks\",\"ecs:DescribeServices\",\"ecs:DeleteService\",\"ecs:CreateService\"],\"Condition\":{\"ArnLike\":{\"ecs:cluster\":\"arn:aws:ecs:us-east-2:942466511124:cluster/Dagster-Cloud-robzvo-prod-Cluster\"}},\"Effect\":\"Allow\",\"Resource\":\"*\",\"Sid\":\"ManageServicesInCluster\"},{\"Action\":\"ecs:TagResource\",\"Effect\":\"Allow\",\"Resource\":\"arn:aws:ecs:us-east-2:942466511124:cluster/Dagster-Cloud-robzvo-prod-Cluster*\",\"Sid\":\"TagClusterResources\"},{\"Action\":[\"ecs:TagResource\",\"ecs:RegisterTaskDefinition\",\"ecs:DescribeTaskDefinition\"],\"Effect\":\"Allow\",\"Resource\":\"*\",\"Sid\":\"TaskDefinitions\"},{\"Action\":\"iam:PassRole\",\"Effect\":\"Allow\",\"Resource\":\"*\",\"Sid\":\"PassRole\"},{\"Action\":\"logs:GetLogEvents\",\"Effect\":\"Allow\",\"Resource\":\"arn:aws:logs:us-east-2:942466511124:log-group:/dagster-cloud/robzvo/agent-a33ec8e577cd7925a7f60b0e44:log-stream:*\",\"Sid\":\"ReadAgentLogs\"},{\"Action\":[\"servicediscovery:ListTagsForResource\",\"servicediscovery:ListServices\",\"servicediscovery:ListInstances\",\"servicediscovery:GetOperation\",\"servicediscovery:DeregisterInstance\",\"servicediscovery:DeleteService\"],\"Effect\":\"Allow\",\"Resource\":\"*\",\"Sid\":\"ServiceDiscovery\"},{\"Action\":\"servicediscovery:GetNamespace\",\"Effect\":\"Allow\",\"Resource\":\"arn:aws:servicediscovery:us-east-2:942466511124:namespace/ns-opbhvdkql3tjwcsf\",\"Sid\":\"GetNamespace\"},{\"Action\":[\"servicediscovery:TagResource\",\"servicediscovery:CreateService\"],\"Effect\":\"Allow\",\"Resource\":[\"arn:aws:servicediscovery:us-east-2:942466511124:service/*\",\"arn:aws:servicediscovery:us-east-2:942466511124:namespace/ns-opbhvdkql3tjwcsf\"],\"Sid\":\"CreateServiceDiscoveryService\"},{\"Action\":\"tag:GetResources\",\"Effect\":\"Allow\",\"Resource\":\"*\",\"Sid\":\"GetResources\"}]}"
              }
            ],
            "managed_policy_arns": [],
            "max_session_duration": 3600,
            "name": "dagster-agent-task-0c5c98f334d31c8a09bff4d8e0",
            "name_prefix": "dagster-agent-task-",
            "path": "/",
            "permissions_boundary": "",
            "tags": {},
            "tags_all": {},
            "unique_id": "AROA5W33BWEKCULY4DF3T"
          },
          "sensitive_attributes": [],
          "private": "bnVsbA==",
          "dependencies": [
            "data.aws_caller_identity.current",
            "data.aws_iam_policy_document.ecs_tasks_assume_role",
            "data.aws_region.current"
          ]
        }
      ]
    },
    {
      "mode": "managed",
      "type": "aws_iam_role",
      "name": "task_execution",
      "provider": "provider[\"registry.terraform.io/hashicorp/aws\"]",
      "instances": [
        {
          "schema_version": 0,
          "attributes": {
            "arn": "arn:aws:iam::942466511124:role/dagster-agent-exec-c53b30cc3358b39aedfdc7ca81",
            "assume_role_policy": "{\"Statement\":[{\"Action\":\"sts:AssumeRole\",\"Condition\":{\"ArnLike\":{\"aws:SourceArn\":\"arn:aws:ecs:us-east-2:942466511124:*\"},\"StringEquals\":{\"aws:SourceAccount\":\"942466511124\"}},\"Effect\":\"Allow\",\"Principal\":{\"Service\":\"ecs-tasks.amazonaws.com\"}}],\"Version\":\"2012-10-17\"}",
            "create_date": "2026-08-19T23:39:34Z",
            "description": "",
            "force_detach_policies": false,
            "id": "dagster-agent-exec-c53b30cc3358b39aedfdc7ca81",
            "inline_policy": [
              {
                "name": "secrets",
                "policy": "{\"Version\":\"2012-10-17\",\"Statement\":[{\"Action\":[\"secretsmanager:GetSecretValue\",\"secretsmanager:DescribeSecret\"],\"Effect\":\"Allow\",\"Resource\":\"*\",\"Sid\":\"Secrets\"}]}"
              }
            ],
            "managed_policy_arns": [
              "arn:aws:iam::aws:policy/service-role/AmazonECSTaskExecutionRolePolicy"
            ],
            "max_session_duration": 3600,
            "name": "dagster-agent-exec-c53b30cc3358b39aedfdc7ca81",
            "name_prefix": "dagster-agent-exec-",
            "path": "/",
            "permissions_boundary": "",
            "tags": {},
            "tags_all": {},
            "unique_id": "AROA5W33BWEKDP3LCWJ7S"
          },
          "sensitive_attributes": [],
          "private": "bnVsbA==",
          "dependencies": [
            "data.aws_caller_identity.current",
            "data.aws_iam_policy_document.ecs_tasks_assume_role",
            "data.aws_region.current"
          ]
        }
      ]
    },
    {
      "mode": "managed",
      "type": "aws_iam_role_policy",
      "name": "agent",
      "provider": "provider[\"registry.terraform.io/hashicorp/aws\"]",
      "instances": [
        {
          "schema_version": 0,
          "attributes": {
            "id": "dagster-agent-task-0c5c98f334d31c8a09bff4d8e0:root",
            "name": "root",
            "name_prefix": "",
            "policy": "{\"Version\":\"2012-10-17\",\"Statement\":[{\"Action\":[\"secretsmanager:ListSecrets\",\"secretsmanager:GetSecretValue\",\"secretsmanager:DescribeSecret\",\"ecs:ListTagsForResource\"],\"Effect\":\"Allow\",\"Resource\":\"*\",\"Sid\":\"Secrets\"},{\"Action\":[\"ecs:ListAccountSettings\",\"ec2:DescribeRouteTables\",\"ec2:DescribeNetworkInterfaces\"],\"Effect\":\"Allow\",\"Resource\":\"*\",\"Sid\":\"Describe\"},{\"Action\":[\"ecs:UpdateService\",\"ecs:StopTask\",\"ecs:RunTask\",\"ecs:ListTasks\",\"ecs:ListServices\",\"ecs:DescribeTasks\",\"ecs:DescribeServices\",\"ecs:DeleteService\",\"ecs:CreateService\"],\"Condition\":{\"ArnLike\":{\"ecs:cluster\":\"arn:aws:ecs:us-east-2:942466511124:cluster/Dagster-Cloud-robzvo-prod-Cluster\"}},\"Effect\":\"Allow\",\"Resource\":\"*\",\"Sid\":\"ManageServicesInCluster\"},{\"Action\":\"ecs:TagResource\",\"Effect\":\"Allow\",\"Resource\":\"arn:aws:ecs:us-east-2:942466511124:cluster/Dagster-Cloud-robzvo-prod-Cluster*\",\"Sid\":\"TagClusterResources\"},{\"Action\":[\"ecs:TagResource\",\"ecs:RegisterTaskDefinition\",\"ecs:DescribeTaskDefinition\"],\"Effect\":\"Allow\",\"Resource\":\"*\",\"Sid\":\"TaskDefinitions\"},{\"Action\":\"iam:PassRole\",\"Effect\":\"Allow\",\"Resource\":\"*\",\"Sid\":\"PassRole\"},{\"Action\":\"logs:GetLogEvents\",\"Effect\":\"Allow\",\"Resource\":\"arn:aws:logs:us-east-2:942466511124:log-group:/dagster-cloud/robzvo/agent-a33ec8e577cd7925a7f60b0e44:log-stream:*\",\"Sid\":\"ReadAgentLogs\"},{\"Action\":[\"servicediscovery:ListTagsForResource\",\"servicediscovery:ListServices\",\"servicediscovery:ListInstances\",\"servicediscovery:GetOperation\",\"servicediscovery:DeregisterInstance\",\"servicediscovery:DeleteService\"],\"Effect\":\"Allow\",\"Resource\":\"*\",\"Sid\":\"ServiceDiscovery\"},{\"Action\":\"servicediscovery:GetNamespace\",\"Effect\":\"Allow\",\"Resource\":\"arn:aws:servicediscovery:us-east-2:942466511124:namespace/ns-opbhvdkql3tjwcsf\",\"Sid\":\"GetNamespace\"},{\"Action\":[\"servicediscovery:TagResource\",\"servicediscovery:CreateService\"],\"Effect\":\"Allow\",\"Resource\":[\"arn:aws:servicediscovery:us-east-2:942466511124:service/*\",\"arn:aws:servicediscovery:us-east-2:942466511124:namespace/ns-opbhvdkql3tjwcsf\"],\"Sid\":\"CreateServiceDiscoveryService\"},{\"Action\":\"tag:GetResources\",\"Effect\":\"Allow\",\"Resource\":\"*\",\"Sid\":\"GetResources\"}]}",
            "role": "dagster-agent-task-0c5c98f334d31c8a09bff4d8e0"
          },
          "sensitive_attributes": [],
          "private": "bnVsbA==",
          "dependencies": [
            "aws_cloudwatch_log_group.agent",
            "aws_ecs_cluster.agent",
            "aws_iam_role.agent",
            "aws_service_discovery_private_dns_namespace.agent",
            "aws_vpc.agent",
            "data.aws_caller_identity.current",
            "data.aws_iam_policy_document.agent",
            "data.aws_iam_policy_document.ecs_tasks_assume_role",
            "data.aws_region.current",
            "random_id.namespace_suffix"
          ]
        }
      ]
    },
    {
      "mode": "managed",
      "type": "aws_iam_role_policy",
      "name": "task_execution_secrets",
      "provider": "provider[\"registry.terraform.io/hashicorp/aws\"]",
      "instances": [
        {
          "schema_version": 0,
          "attributes": {
            "id": "dagster-agent-exec-c53b30cc3358b39aedfdc7ca81:secrets",
            "name": "secrets",
            "name_prefix": "",
            "policy": "{\"Version\":\"2012-10-17\",\"Statement\":[{\"Action\":[\"secretsmanager:GetSecretValue\",\"secretsmanager:DescribeSecret\"],\"Effect\":\"Allow\",\"Resource\":\"*\",\"Sid\":\"Secrets\"}]}",
            "role": "dagster-agent-exec-c53b30cc3358b39aedfdc7ca81"
          },
          "sensitive_attributes": [],
          "private": "bnVsbA==",
          "dependencies": [
            "aws_iam_role.task_execution",
            "data.aws_caller_identity.current",
            "data.aws_iam_policy_document.ecs_tasks_assume_role",
            "data.aws_iam_policy_document.task_execution_secrets",
            "data.aws_region.current"
          ]
        }
      ]
    },
    {
      "mode": "managed",
      "type": "aws_iam_role_policy_attachment",
      "name": "task_execution",
      "provider": "provider[\"registry.terraform.io/hashicorp/aws\"]",
      "instances": [
        {
          "schema_version": 0,
          "attributes": {
            "id": "dagster-agent-exec-c53b30cc3358b39aedfdc7ca81/arn:aws:iam::aws:policy/service-role/AmazonECSTaskExecutionRolePolicy",
            "policy_arn": "arn:aws:iam::aws:policy/service-role/AmazonECSTaskExecutionRolePolicy",
            "role": "dagster-agent-exec-c53b30cc3358b39aedfdc7ca81"
          },
          "sensitive_attributes": [],
          "private": "bnVsbA==",
          "dependencies": [
            "aws_iam_role.task_execution",
            "data.aws_caller_identity.current",
            "data.aws_iam_policy_document.ecs_tasks_assume_role",
            "data.aws_region.current"
          ]
        }
      ]
    },
    {
      "mode": "managed",
      "type": "aws_internet_gateway",
      "name": "agent",
      "provider": "provider[\"registry.terraform.io/hashicorp/aws\"]",
      "instances": [
        {
          "schema_version": 0,
          "attributes": {
            "arn": "arn:aws:ec2:us-east-2:942466511124:internet-gateway/igw-0dce701f09fb9aaac",
            "id": "igw-0dce701f09fb9aaac",
            "owner_id": "942466511124",
            "region": "us-east-2",
            "tags": {
              "Name": "Dagster-Cloud-robzvo-Agent"
            },
            "tags_all": {
              "Name": "Dagster-Cloud-robzvo-Agent"
            },
            "timeouts": null,
            "vpc_id": "vpc-066abc7793d04e9d3"
          },
          "sensitive_attributes": [],
          "private": "eyJlMmJmYjczMC1lY2FhLTExZTYtOGY4OC0zNDM2M2JjN2M0YzAiOnsiY3JlYXRlIjoxMjAwMDAwMDAwMDAwLCJkZWxldGUiOjEyMDAwMDAwMDAwMDAsInVwZGF0ZSI6MTIwMDAwMDAwMDAwMH19",
          "dependencies": [
            "aws_vpc.agent"
          ]
        }
      ]
    },
    {
      "mode": "managed",
      "type": "aws_route",
      "name": "to_gateway",
      "provider": "provider[\"registry.terraform.io/hashicorp/aws\"]",
      "instances": [
        {
          "schema_version": 0,
          "attributes": {
            "carrier_gateway_id": "",
            "core_network_arn": "",
            "destination_cidr_block": "0.0.0.0/0",
            "destination_ipv6_cidr_block": "",
            "destination_prefix_list_id": "",
            "egress_only_gateway_id": "",
            "gateway_id": "igw-0dce701f09fb9aaac",
            "id": "r-rtb-01843cf01563635961080289494",
            "instance_id": "",
            "instance_owner_id": "",
            "local_gateway_id": "",
            "nat_gateway_id": "",
            "network_interface_id": "",
            "odb_network_arn": "",
            "origin": "CreateRoute",
            "region": "us-east-2",
            "route_table_id": "rtb-01843cf0156363596",
            "state": "active",
            "timeouts": null,
            "transit_gateway_id": "",
            "vpc_endpoint_id": "",
            "vpc_peering_connection_id": ""
          },
          "sensitive_attributes": [],
          "private": "eyJlMmJmYjczMC1lY2FhLTExZTYtOGY4OC0zNDM2M2JjN2M0YzAiOnsiY3JlYXRlIjozMDAwMDAwMDAwMDAsImRlbGV0ZSI6MzAwMDAwMDAwMDAwLCJ1cGRhdGUiOjEyMDAwMDAwMDAwMH19",
          "dependencies": [
            "aws_internet_gateway.agent",
            "aws_route_table.public",
            "aws_vpc.agent"
          ]
        }
      ]
    },
    {
      "mode": "managed",
      "type": "aws_route_table",
      "name": "public",
      "provider": "provider[\"registry.terraform.io/hashicorp/aws\"]",
      "instances": [
        {
          "schema_version": 0,
          "attributes": {
            "arn": "arn:aws:ec2:us-east-2:942466511124:route-table/rtb-01843cf0156363596",
            "id": "rtb-01843cf0156363596",
            "owner_id": "942466511124",
            "propagating_vgws": [],
            "region": "us-east-2",
            "route": [
              {
                "carrier_gateway_id": "",
                "cidr_block": "0.0.0.0/0",
                "core_network_arn": "",
                "destination_prefix_list_id": "",
                "egress_only_gateway_id": "",
                "gateway_id": "igw-0dce701f09fb9aaac",
                "ipv6_cidr_block": "",
                "local_gateway_id": "",
                "nat_gateway_id": "",
                "network_interface_id": "",
                "odb_network_arn": "",
                "transit_gateway_id": "",
                "vpc_endpoint_id": "",
                "vpc_peering_connection_id": ""
              }
            ],
            "tags": {
              "Name": "Public"
            },
            "tags_all": {
              "Name": "Public"
            },
            "timeouts": null,
            "vpc_id": "vpc-066abc7793d04e9d3"
          },
          "sensitive_attributes": [],
          "private": "eyJlMmJmYjczMC1lY2FhLTExZTYtOGY4OC0zNDM2M2JjN2M0YzAiOnsiY3JlYXRlIjozMDAwMDAwMDAwMDAsImRlbGV0ZSI6MzAwMDAwMDAwMDAwLCJ1cGRhdGUiOjEyMDAwMDAwMDAwMH19",
          "dependencies": [
            "aws_vpc.agent"
          ]
        }
      ]
    },
    {
      "mode": "managed",
      "type": "aws_route_table_association",
      "name": "public",
      "provider": "provider[\"registry.terraform.io/hashicorp/aws\"]",
      "instances": [
        {
          "index_key": 0,
          "schema_version": 0,
          "attributes": {
            "gateway_id": "",
            "id": "rtbassoc-019fa2611d25f2f11",
            "region": "us-east-2",
            "route_table_id": "rtb-01843cf0156363596",
            "subnet_id": "subnet-0296ed52a0fc4a5f4",
            "timeouts": null
          },
          "sensitive_attributes": [],
          "private": "eyJlMmJmYjczMC1lY2FhLTExZTYtOGY4OC0zNDM2M2JjN2M0YzAiOnsiY3JlYXRlIjozMDAwMDAwMDAwMDAsImRlbGV0ZSI6MzAwMDAwMDAwMDAwLCJ1cGRhdGUiOjEyMDAwMDAwMDAwMH19",
          "dependencies": [
            "aws_route_table.public",
            "aws_subnet.agent",
            "aws_vpc.agent",
            "data.aws_availability_zones.available"
          ]
        },
        {
          "index_key": 1,
          "schema_version": 0,
          "attributes": {
            "gateway_id": "",
            "id": "rtbassoc-0ce9880d76aaee003",
            "region": "us-east-2",
            "route_table_id": "rtb-01843cf0156363596",
            "subnet_id": "subnet-0e7a6a36221aa8837",
            "timeouts": null
          },
          "sensitive_attributes": [],
          "private": "eyJlMmJmYjczMC1lY2FhLTExZTYtOGY4OC0zNDM2M2JjN2M0YzAiOnsiY3JlYXRlIjozMDAwMDAwMDAwMDAsImRlbGV0ZSI6MzAwMDAwMDAwMDAwLCJ1cGRhdGUiOjEyMDAwMDAwMDAwMH19",
          "dependencies": [
            "aws_route_table.public",
            "aws_subnet.agent",
            "aws_vpc.agent",
            "data.aws_availability_zones.available"
          ]
        },
        {
          "index_key": 2,
          "schema_version": 0,
          "attributes": {
            "gateway_id": "",
            "id": "rtbassoc-0dc95474d6bb21512",
            "region": "us-east-2",
            "route_table_id": "rtb-01843cf0156363596",
            "subnet_id": "subnet-075388949d7d6aa3e",
            "timeouts": null
          },
          "sensitive_attributes": [],
          "private": "eyJlMmJmYjczMC1lY2FhLTExZTYtOGY4OC0zNDM2M2JjN2M0YzAiOnsiY3JlYXRlIjozMDAwMDAwMDAwMDAsImRlbGV0ZSI6MzAwMDAwMDAwMDAwLCJ1cGRhdGUiOjEyMDAwMDAwMDAwMH19",
          "dependencies": [
            "aws_route_table.public",
            "aws_subnet.agent",
            "aws_vpc.agent",
            "data.aws_availability_zones.available"
          ]
        }
      ]
    },
    {
      "mode": "managed",
      "type": "aws_s3_bucket",
      "name": "terraform_bucket",
      "provider": "provider[\"registry.terraform.io/hashicorp/aws\"]",
      "instances": [
        {
          "schema_version": 0,
          "attributes": {
            "acceleration_status": "",
            "acl": null,
            "arn": "arn:aws:s3:::robzvo-terraform-dev",
            "bucket": "robzvo-terraform-dev",
            "bucket_domain_name": "robzvo-terraform-dev.s3.amazonaws.com",
            "bucket_namespace": "global",
            "bucket_prefix": "",
            "bucket_region": "us-east-2",
            "bucket_regional_domain_name": "robzvo-terraform-dev.s3.us-east-2.amazonaws.com",
            "cors_rule": [],
            "force_destroy": false,
            "grant": [
              {
                "id": "8c2f60de1fc85bf69880116c68ac207cf5f887f65c2f2e57adedfb436d150c4f",
                "permissions": [
                  "FULL_CONTROL"
                ],
                "type": "CanonicalUser",
                "uri": ""
              }
            ],
            "hosted_zone_id": "Z2O1EMRO9K5GLX",
            "id": "robzvo-terraform-dev",
            "lifecycle_rule": [],
            "logging": [],
            "object_lock_configuration": [],
            "object_lock_enabled": false,
            "policy": "",
            "region": "us-east-2",
            "replication_configuration": [],
            "request_payer": "BucketOwner",
            "server_side_encryption_configuration": [
              {
                "rule": [
                  {
                    "apply_server_side_encryption_by_default": [
                      {
                        "kms_master_key_id": "",
                        "sse_algorithm": "AES256"
                      }
                    ],
                    "bucket_key_enabled": false
                  }
                ]
              }
            ],
            "tags": {
              "Name": "Terraform managed resources bucket for dev environment"
            },
            "tags_all": {
              "Name": "Terraform managed resources bucket for dev environment"
            },
            "timeouts": null,
            "versioning": [
              {
                "enabled": true,
                "mfa_delete": false
              }
            ],
            "website": [],
            "website_domain": null,
            "website_endpoint": null
          },
          "sensitive_attributes": [],
          "private": "eyJlMmJmYjczMC1lY2FhLTExZTYtOGY4OC0zNDM2M2JjN2M0YzAiOnsiY3JlYXRlIjoxMjAwMDAwMDAwMDAwLCJkZWxldGUiOjM2MDAwMDAwMDAwMDAsInJlYWQiOjEyMDAwMDAwMDAwMDAsInVwZGF0ZSI6MTIwMDAwMDAwMDAwMH19"
        }
      ]
    },
    {
      "mode": "managed",
      "type": "aws_s3_bucket_ownership_controls",
      "name": "terraform_bucket_controls",
      "provider": "provider[\"registry.terraform.io/hashicorp/aws\"]",
      "instances": [
        {
          "schema_version": 0,
          "attributes": {
            "bucket": "robzvo-terraform-dev",
            "id": "robzvo-terraform-dev",
            "region": "us-east-2",
            "rule": [
              {
                "object_ownership": "BucketOwnerEnforced"
              }
            ]
          },
          "sensitive_attributes": [],
          "private": "bnVsbA==",
          "dependencies": [
            "aws_s3_bucket.terraform_bucket"
          ]
        }
      ]
    },
    {
      "mode": "managed",
      "type": "aws_s3_bucket_versioning",
      "name": "terraform_bucket_versioning",
      "provider": "provider[\"registry.terraform.io/hashicorp/aws\"]",
      "instances": [
        {
          "schema_version": 0,
          "attributes": {
            "bucket": "robzvo-terraform-dev",
            "expected_bucket_owner": "",
            "id": "robzvo-terraform-dev",
            "mfa": null,
            "region": "us-east-2",
            "versioning_configuration": [
              {
                "mfa_delete": "Disabled",
                "status": "Enabled"
              }
            ]
          },
          "sensitive_attributes": [],
          "private": "bnVsbA==",
          "dependencies": [
            "aws_s3_bucket.terraform_bucket"
          ]
        }
      ]
    },
    {
      "mode": "managed",
      "type": "aws_service_discovery_private_dns_namespace",
      "name": "agent",
      "provider": "provider[\"registry.terraform.io/hashicorp/aws\"]",
      "instances": [
        {
          "schema_version": 0,
          "attributes": {
            "arn": "arn:aws:servicediscovery:us-east-2:942466511124:namespace/ns-opbhvdkql3tjwcsf",
            "description": "",
            "hosted_zone": "Z06290551MHP5RYN78DFH",
            "id": "ns-opbhvdkql3tjwcsf",
            "name": "dagster-agent-robzvo-prod-85adbc2ba9d5.local",
            "region": "us-east-2",
            "tags": {},
            "tags_all": {},
            "vpc": "vpc-066abc7793d04e9d3"
          },
          "sensitive_attributes": [],
          "private": "bnVsbA==",
          "dependencies": [
            "aws_vpc.agent",
            "random_id.namespace_suffix"
          ]
        }
      ]
    },
    {
      "mode": "managed",
      "type": "aws_subnet",
      "name": "agent",
      "provider": "provider[\"registry.terraform.io/hashicorp/aws\"]",
      "instances": [
        {
          "index_key": 0,
          "schema_version": 1,
          "attributes": {
            "arn": "arn:aws:ec2:us-east-2:942466511124:subnet/subnet-0296ed52a0fc4a5f4",
            "assign_ipv6_address_on_creation": false,
            "availability_zone": "us-east-2a",
            "availability_zone_id": "use2-az1",
            "cidr_block": "10.0.0.0/22",
            "customer_owned_ipv4_pool": "",
            "enable_dns64": false,
            "enable_lni_at_device_index": 0,
            "enable_resource_name_dns_a_record_on_launch": false,
            "enable_resource_name_dns_aaaa_record_on_launch": false,
            "id": "subnet-0296ed52a0fc4a5f4",
            "ipv4_ipam_pool_id": null,
            "ipv4_netmask_length": null,
            "ipv6_cidr_block": "",
            "ipv6_cidr_block_association_id": "",
            "ipv6_ipam_pool_id": null,
            "ipv6_native": false,
            "ipv6_netmask_length": null,
            "map_customer_owned_ip_on_launch": false,
            "map_public_ip_on_launch": true,
            "outpost_arn": "",
            "owner_id": "942466511124",
            "private_dns_hostname_type_on_launch": "ip-name",
            "region": "us-east-2",
            "tags": {
              "Name": "Dagster-Cloud-robzvo-Agent-us-east-2a"
            },
            "tags_all": {
              "Name": "Dagster-Cloud-robzvo-Agent-us-east-2a"
            },
            "timeouts": null,
            "vpc_id": "vpc-066abc7793d04e9d3"
          },
          "sensitive_attributes": [],
          "private": "eyJlMmJmYjczMC1lY2FhLTExZTYtOGY4OC0zNDM2M2JjN2M0YzAiOnsiY3JlYXRlIjo2MDAwMDAwMDAwMDAsImRlbGV0ZSI6MTIwMDAwMDAwMDAwMH0sInNjaGVtYV92ZXJzaW9uIjoiMSJ9",
          "dependencies": [
            "aws_vpc.agent",
            "data.aws_availability_zones.available"
          ]
        },
        {
          "index_key": 1,
          "schema_version": 1,
          "attributes": {
            "arn": "arn:aws:ec2:us-east-2:942466511124:subnet/subnet-0e7a6a36221aa8837",
            "assign_ipv6_address_on_creation": false,
            "availability_zone": "us-east-2b",
            "availability_zone_id": "use2-az2",
            "cidr_block": "10.0.4.0/22",
            "customer_owned_ipv4_pool": "",
            "enable_dns64": false,
            "enable_lni_at_device_index": 0,
            "enable_resource_name_dns_a_record_on_launch": false,
            "enable_resource_name_dns_aaaa_record_on_launch": false,
            "id": "subnet-0e7a6a36221aa8837",
            "ipv4_ipam_pool_id": null,
            "ipv4_netmask_length": null,
            "ipv6_cidr_block": "",
            "ipv6_cidr_block_association_id": "",
            "ipv6_ipam_pool_id": null,
            "ipv6_native": false,
            "ipv6_netmask_length": null,
            "map_customer_owned_ip_on_launch": false,
            "map_public_ip_on_launch": true,
            "outpost_arn": "",
            "owner_id": "942466511124",
            "private_dns_hostname_type_on_launch": "ip-name",
            "region": "us-east-2",
            "tags": {
              "Name": "Dagster-Cloud-robzvo-Agent-us-east-2b"
            },
            "tags_all": {
              "Name": "Dagster-Cloud-robzvo-Agent-us-east-2b"
            },
            "timeouts": null,
            "vpc_id": "vpc-066abc7793d04e9d3"
          },
          "sensitive_attributes": [],
          "private": "eyJlMmJmYjczMC1lY2FhLTExZTYtOGY4OC0zNDM2M2JjN2M0YzAiOnsiY3JlYXRlIjo2MDAwMDAwMDAwMDAsImRlbGV0ZSI6MTIwMDAwMDAwMDAwMH0sInNjaGVtYV92ZXJzaW9uIjoiMSJ9",
          "dependencies": [
            "aws_vpc.agent",
            "data.aws_availability_zones.available"
          ]
        },
        {
          "index_key": 2,
          "schema_version": 1,
          "attributes": {
            "arn": "arn:aws:ec2:us-east-2:942466511124:subnet/subnet-075388949d7d6aa3e",
            "assign_ipv6_address_on_creation": false,
            "availability_zone": "us-east-2c",
            "availability_zone_id": "use2-az3",
            "cidr_block": "10.0.8.0/22",
            "customer_owned_ipv4_pool": "",
            "enable_dns64": false,
            "enable_lni_at_device_index": 0,
            "enable_resource_name_dns_a_record_on_launch": false,
            "enable_resource_name_dns_aaaa_record_on_launch": false,
            "id": "subnet-075388949d7d6aa3e",
            "ipv4_ipam_pool_id": null,
            "ipv4_netmask_length": null,
            "ipv6_cidr_block": "",
            "ipv6_cidr_block_association_id": "",
            "ipv6_ipam_pool_id": null,
            "ipv6_native": false,
            "ipv6_netmask_length": null,
            "map_customer_owned_ip_on_launch": false,
            "map_public_ip_on_launch": true,
            "outpost_arn": "",
            "owner_id": "942466511124",
            "private_dns_hostname_type_on_launch": "ip-name",
            "region": "us-east-2",
            "tags": {
              "Name": "Dagster-Cloud-robzvo-Agent-us-east-2c"
            },
            "tags_all": {
              "Name": "Dagster-Cloud-robzvo-Agent-us-east-2c"
            },
            "timeouts": null,
            "vpc_id": "vpc-066abc7793d04e9d3"
          },
          "sensitive_attributes": [],
          "private": "eyJlMmJmYjczMC1lY2FhLTExZTYtOGY4OC0zNDM2M2JjN2M0YzAiOnsiY3JlYXRlIjo2MDAwMDAwMDAwMDAsImRlbGV0ZSI6MTIwMDAwMDAwMDAwMH0sInNjaGVtYV92ZXJzaW9uIjoiMSJ9",
          "dependencies": [
            "aws_vpc.agent",
            "data.aws_availability_zones.available"
          ]
        }
      ]
    },
    {
      "mode": "managed",
      "type": "aws_vpc",
      "name": "agent",
      "provider": "provider[\"registry.terraform.io/hashicorp/aws\"]",
      "instances": [
        {
          "schema_version": 1,
          "attributes": {
            "arn": "arn:aws:ec2:us-east-2:942466511124:vpc/vpc-066abc7793d04e9d3",
            "assign_generated_ipv6_cidr_block": false,
            "cidr_block": "10.0.0.0/16",
            "default_network_acl_id": "acl-071a4e320bc184885",
            "default_route_table_id": "rtb-00d278aa83133e2fa",
            "default_security_group_id": "sg-0ce6008af146680e5",
            "dhcp_options_id": "dopt-0e4acd06b8c544e4a",
            "enable_dns_hostnames": true,
            "enable_dns_support": true,
            "enable_network_address_usage_metrics": false,
            "id": "vpc-066abc7793d04e9d3",
            "instance_tenancy": "default",
            "ipv4_ipam_pool_id": null,
            "ipv4_netmask_length": null,
            "ipv6_association_id": "",
            "ipv6_cidr_block": "",
            "ipv6_cidr_block_network_border_group": "",
            "ipv6_ipam_pool_id": "",
            "ipv6_netmask_length": 0,
            "main_route_table_id": "rtb-00d278aa83133e2fa",
            "owner_id": "942466511124",
            "region": "us-east-2",
            "tags": {
              "Name": "Dagster-Cloud-robzvo-Agent"
            },
            "tags_all": {
              "Name": "Dagster-Cloud-robzvo-Agent"
            }
          },
          "sensitive_attributes": [],
          "private": "eyJzY2hlbWFfdmVyc2lvbiI6IjEifQ=="
        }
      ]
    },
    {
      "mode": "managed",
      "type": "random_id",
      "name": "namespace_suffix",
      "provider": "provider[\"registry.terraform.io/hashicorp/random\"]",
      "instances": [
        {
          "schema_version": 0,
          "attributes": {
            "b64_std": "ha28K6nV",
            "b64_url": "ha28K6nV",
            "byte_length": 6,
            "dec": "146981232814549",
            "hex": "85adbc2ba9d5",
            "id": "ha28K6nV",
            "keepers": null,
            "prefix": null
          },
          "sensitive_attributes": []
        }
      ]
    }
  ],
  "check_results": [
    {
      "object_kind": "var",
      "config_addr": "var.dagster_deployment",
      "status": "pass",
      "objects": [
        {
          "object_addr": "var.dagster_deployment",
          "status": "pass"
        }
      ]
    },
    {
      "object_kind": "var",
      "config_addr": "var.num_replicas",
      "status": "pass",
      "objects": [
        {
          "object_addr": "var.num_replicas",
          "status": "pass"
        }
      ]
    },
    {
      "object_kind": "var",
      "config_addr": "var.subnet_cidrs",
      "status": "pass",
      "objects": [
        {
          "object_addr": "var.subnet_cidrs",
          "status": "pass"
        }
      ]
    },
    {
      "object_kind": "var",
      "config_addr": "var.dagster_organization",
      "status": "pass",
      "objects": [
        {
          "object_addr": "var.dagster_organization",
          "status": "pass"
        }
      ]
    }
  ]
}
