{
  "version": 4,
  "terraform_version": "1.8.0",
  "serial": 43,
  "lineage": "2246738d-9e70-2175-4363-39e40c27cc78",
  "outputs": {},
  "resources": [
    {
      "module": "module.code_build",
      "mode": "data",
      "type": "aws_caller_identity",
      "name": "this",
      "provider": "module.code_build.provider[\"registry.terraform.io/hashicorp/aws\"]",
      "instances": [
        {
          "schema_version": 0,
          "attributes": {
            "account_id": "942466511124",
            "arn": "arn:aws:iam::942466511124:user/terraform-user",
            "id": "942466511124",
            "user_id": "AIDA5W33BWEKPDSI22WGZ"
          },
          "sensitive_attributes": []
        }
      ]
    },
    {
      "module": "module.code_build",
      "mode": "data",
      "type": "aws_partition",
      "name": "this",
      "provider": "module.code_build.provider[\"registry.terraform.io/hashicorp/aws\"]",
      "instances": [
        {
          "schema_version": 0,
          "attributes": {
            "dns_suffix": "amazonaws.com",
            "id": "aws",
            "partition": "aws",
            "reverse_dns_prefix": "com.amazonaws"
          },
          "sensitive_attributes": []
        }
      ]
    },
    {
      "module": "module.code_build",
      "mode": "data",
      "type": "aws_region",
      "name": "this",
      "provider": "module.code_build.provider[\"registry.terraform.io/hashicorp/aws\"]",
      "instances": [
        {
          "schema_version": 0,
          "attributes": {
            "description": "US East (Ohio)",
            "endpoint": "ec2.us-east-2.amazonaws.com",
            "id": "us-east-2",
            "name": "us-east-2"
          },
          "sensitive_attributes": []
        }
      ]
    },
    {
      "module": "module.code_build",
      "mode": "managed",
      "type": "aws_codebuild_project",
      "name": "example_lambda_layer",
      "provider": "module.code_build.provider[\"registry.terraform.io/hashicorp/aws\"]",
      "instances": [
        {
          "schema_version": 0,
          "attributes": {
            "arn": "arn:aws:codebuild:us-east-2:942466511124:project/example-lambda-layer-build",
            "artifacts": [
              {
                "artifact_identifier": "",
                "bucket_owner_access": "",
                "encryption_disabled": false,
                "location": "",
                "name": "",
                "namespace_type": "",
                "override_artifact_name": false,
                "packaging": "",
                "path": "",
                "type": "NO_ARTIFACTS"
              }
            ],
            "badge_enabled": false,
            "badge_url": "",
            "build_batch_config": [],
            "build_timeout": 60,
            "cache": [
              {
                "location": "",
                "modes": [],
                "type": "NO_CACHE"
              }
            ],
            "concurrent_build_limit": 0,
            "description": "Build project for example-lambda-layer",
            "encryption_key": "arn:aws:kms:us-east-2:942466511124:alias/aws/s3",
            "environment": [
              {
                "certificate": "",
                "compute_type": "BUILD_GENERAL1_SMALL",
                "environment_variable": [
                  {
                    "name": "LAYER_NAME",
                    "type": "PLAINTEXT",
                    "value": "test-lambda-layer"
                  }
                ],
                "image": "aws/codebuild/amazonlinux2-x86_64-standard:5.0",
                "image_pull_credentials_type": "CODEBUILD",
                "privileged_mode": false,
                "registry_credential": [],
                "type": "LINUX_CONTAINER"
              }
            ],
            "file_system_locations": [],
            "id": "arn:aws:codebuild:us-east-2:942466511124:project/example-lambda-layer-build",
            "logs_config": [
              {
                "cloudwatch_logs": [
                  {
                    "group_name": "",
                    "status": "ENABLED",
                    "stream_name": ""
                  }
                ],
                "s3_logs": [
                  {
                    "bucket_owner_access": "",
                    "encryption_disabled": false,
                    "location": "",
                    "status": "DISABLED"
                  }
                ]
              }
            ],
            "name": "example-lambda-layer-build",
            "project_visibility": "PRIVATE",
            "public_project_alias": "",
            "queued_timeout": 480,
            "resource_access_role": "",
            "secondary_artifacts": [],
            "secondary_source_version": [],
            "secondary_sources": [],
            "service_role": "arn:aws:iam::942466511124:role/ExampleLambdaLayerCodeBuildRole",
            "source": [
              {
                "build_status_config": [],
                "buildspec": "version: 0.2\r\n\r\nphases:\r\n  install:\r\n    runtime-versions:\r\n      python: 3.11\r\n  build:\r\n    commands:\r\n      - mkdir python\r\n      - cd python\r\n      - |\r\n        cat \u003c\u003c'EOF' \u003e requirements.txt\r\n        numpy\r\n        EOF\r\n      - pip install --platform=manylinux_2_17_x86_64 --only-binary=\":all:\" -r requirements.txt -t .\r\n      - cd ..\r\n      - zip -r9 $LAYER_NAME.zip python\r\n  post_build:\r\n    commands:\r\n      - test \"$CODEBUILD_BUILD_SUCCEEDING\" = \"1\"\r\n      - aws lambda publish-layer-version --layer-name $LAYER_NAME --description \"Example Lambda layer\" --compatible-runtimes python3.11 --zip-file fileb://${LAYER_NAME}.zip",
                "git_clone_depth": 0,
                "git_submodules_config": [],
                "insecure_ssl": false,
                "location": "",
                "report_build_status": false,
                "type": "NO_SOURCE"
              }
            ],
            "source_version": "",
            "tags": {},
            "tags_all": {},
            "vpc_config": []
          },
          "sensitive_attributes": [],
          "private": "bnVsbA==",
          "dependencies": [
            "module.code_build.aws_iam_role.example_lambda_layer"
          ]
        }
      ]
    },
    {
      "module": "module.code_build",
      "mode": "managed",
      "type": "aws_iam_role",
      "name": "example_lambda_layer",
      "provider": "module.code_build.provider[\"registry.terraform.io/hashicorp/aws\"]",
      "instances": [
        {
          "schema_version": 0,
          "attributes": {
            "arn": "arn:aws:iam::942466511124:role/ExampleLambdaLayerCodeBuildRole",
            "assume_role_policy": "{\"Statement\":[{\"Action\":\"sts:AssumeRole\",\"Effect\":\"Allow\",\"Principal\":{\"Service\":\"codebuild.amazonaws.com\"}}],\"Version\":\"2012-10-17\"}",
            "create_date": "2024-09-29T19:01:41Z",
            "description": "",
            "force_detach_policies": false,
            "id": "ExampleLambdaLayerCodeBuildRole",
            "inline_policy": [
              {
                "name": "ExampleLambdaLayerCodeBuildPolicy",
                "policy": "{\"Version\":\"2012-10-17\",\"Statement\":[{\"Action\":[\"logs:CreateLogGroup\",\"logs:CreateLogStream\",\"logs:PutLogEvents\"],\"Effect\":\"Allow\",\"Resource\":\"arn:aws:logs:us-east-2:942466511124:log-group:/aws/codebuild/*\"},{\"Action\":[\"lambda:PublishLayerVersion\"],\"Effect\":\"Allow\",\"Resource\":\"arn:aws:lambda:us-east-2:942466511124:layer:*\"}]}"
              }
            ],
            "managed_policy_arns": [],
            "max_session_duration": 3600,
            "name": "ExampleLambdaLayerCodeBuildRole",
            "name_prefix": "",
            "path": "/",
            "permissions_boundary": "",
            "tags": {},
            "tags_all": {},
            "unique_id": "AROA5W33BWEKF2XMBOMZK"
          },
          "sensitive_attributes": [],
          "private": "bnVsbA=="
        }
      ]
    },
    {
      "module": "module.code_build",
      "mode": "managed",
      "type": "aws_iam_role_policy",
      "name": "example_lambda_layer",
      "provider": "module.code_build.provider[\"registry.terraform.io/hashicorp/aws\"]",
      "instances": [
        {
          "schema_version": 0,
          "attributes": {
            "id": "ExampleLambdaLayerCodeBuildRole:ExampleLambdaLayerCodeBuildPolicy",
            "name": "ExampleLambdaLayerCodeBuildPolicy",
            "name_prefix": "",
            "policy": "{\"Version\":\"2012-10-17\",\"Statement\":[{\"Action\":[\"logs:CreateLogGroup\",\"logs:CreateLogStream\",\"logs:PutLogEvents\"],\"Effect\":\"Allow\",\"Resource\":\"arn:aws:logs:us-east-2:942466511124:log-group:/aws/codebuild/*\"},{\"Action\":[\"lambda:PublishLayerVersion\"],\"Effect\":\"Allow\",\"Resource\":\"arn:aws:lambda:us-east-2:942466511124:layer:*\"}]}",
            "role": "ExampleLambdaLayerCodeBuildRole"
          },
          "sensitive_attributes": [],
          "private": "bnVsbA==",
          "dependencies": [
            "module.code_build.aws_iam_role.example_lambda_layer",
            "module.code_build.data.aws_caller_identity.this",
            "module.code_build.data.aws_partition.this",
            "module.code_build.data.aws_region.this"
          ]
        }
      ]
    },
    {
      "module": "module.lambdas",
      "mode": "data",
      "type": "archive_file",
      "name": "layer_example_zip",
      "provider": "provider[\"registry.terraform.io/hashicorp/archive\"]",
      "instances": [
        {
          "schema_version": 0,
          "attributes": {
            "exclude_symlink_directories": null,
            "excludes": null,
            "id": "8d029e4e3c79d2f6b7011cbd53216ec16cf13278",
            "output_base64sha256": "cpgEKUxz+TMEhu8K/XzWmIozBbDdgnZwCWNh87DVPXw=",
            "output_base64sha512": "0KrIqGJJP0FAUdE3iE8LoaO4fuekv5EFiZCHDfoHFppcV0wq2uyTJjxZdjpOUPHPcnrc33+UJz3E6IQizGiLSg==",
            "output_file_mode": "0666",
            "output_md5": "3f8f700918fe585e3a766c0ffd17fb14",
            "output_path": "modules/lambda/tmp/layer-example.zip",
            "output_sha": "8d029e4e3c79d2f6b7011cbd53216ec16cf13278",
            "output_sha256": "729804294c73f9330486ef0afd7cd6988a3305b0dd827670096361f3b0d53d7c",
            "output_sha512": "d0aac8a862493f414051d137884f0ba1a3b87ee7a4bf91058990870dfa07169a5c574c2adaec93263c59763a4e50f1cf727adcdf7f94273dc4e88422cc688b4a",
            "output_size": 322,
            "source": [],
            "source_content": null,
            "source_content_filename": null,
            "source_dir": "modules/lambda/layer-example",
            "source_file": null,
            "type": "zip"
          },
          "sensitive_attributes": []
        }
      ]
    },
    {
      "module": "module.lambdas",
      "mode": "data",
      "type": "aws_iam_policy",
      "name": "lambda_basic_execution",
      "provider": "provider[\"registry.terraform.io/hashicorp/aws\"]",
      "instances": [
        {
          "schema_version": 0,
          "attributes": {
            "arn": "arn:aws:iam::aws:policy/service-role/AWSLambdaBasicExecutionRole",
            "attachment_count": 0,
            "description": "Provides write permissions to CloudWatch Logs.",
            "id": "arn:aws:iam::aws:policy/service-role/AWSLambdaBasicExecutionRole",
            "name": "AWSLambdaBasicExecutionRole",
            "path": "/service-role/",
            "path_prefix": null,
            "policy": "{\n  \"Version\": \"2012-10-17\",\n  \"Statement\": [\n    {\n      \"Effect\": \"Allow\",\n      \"Action\": [\n        \"logs:CreateLogGroup\",\n        \"logs:CreateLogStream\",\n        \"logs:PutLogEvents\"\n      ],\n      \"Resource\": \"*\"\n    }\n  ]\n}",
            "policy_id": "ANPAJNCQGXC42545SKXIK",
            "tags": {}
          },
          "sensitive_attributes": []
        }
      ]
    },
    {
      "module": "module.lambdas",
      "mode": "data",
      "type": "aws_lambda_layer_version",
      "name": "example_lambda_layer",
      "provider": "provider[\"registry.terraform.io/hashicorp/aws\"]",
      "instances": [
        {
          "schema_version": 0,
          "attributes": {
            "arn": "arn:aws:lambda:us-east-2:942466511124:layer:test-lambda-layer:1",
            "code_sha256": "tYIoUJgKYTybqFynyh7/7ShKNt5p3avxIU2GycjzafI=",
            "compatible_architecture": null,
            "compatible_architectures": [],
            "compatible_runtime": null,
            "compatible_runtimes": [
              "python3.11"
            ],
            "created_date": "2024-09-29T19:29:55.500+0000",
            "description": "Example Lambda layer",
            "id": "arn:aws:lambda:us-east-2:942466511124:layer:test-lambda-layer:1",
            "layer_arn": "arn:aws:lambda:us-east-2:942466511124:layer:test-lambda-layer",
            "layer_name": "test-lambda-layer",
            "license_info": "",
            "signing_job_arn": "",
            "signing_profile_version_arn": "",
            "source_code_hash": "tYIoUJgKYTybqFynyh7/7ShKNt5p3avxIU2GycjzafI=",
            "source_code_size": 20810242,
            "version": 1
          },
          "sensitive_attributes": []
        }
      ]
    },
    {
      "module": "module.lambdas",
      "mode": "managed",
      "type": "aws_iam_role",
      "name": "layer_example",
      "provider": "provider[\"registry.terraform.io/hashicorp/aws\"]",
      "instances": [
        {
          "schema_version": 0,
          "attributes": {
            "arn": "arn:aws:iam::942466511124:role/LayerExampleLambdaExecutionRole",
            "assume_role_policy": "{\"Statement\":[{\"Action\":\"sts:AssumeRole\",\"Effect\":\"Allow\",\"Principal\":{\"Service\":\"lambda.amazonaws.com\"}}],\"Version\":\"2012-10-17\"}",
            "create_date": "2024-09-29T19:32:48Z",
            "description": "",
            "force_detach_policies": false,
            "id": "LayerExampleLambdaExecutionRole",
            "inline_policy": [],
            "managed_policy_arns": [
              "arn:aws:iam::aws:policy/service-role/AWSLambdaBasicExecutionRole"
            ],
            "max_session_duration": 3600,
            "name": "LayerExampleLambdaExecutionRole",
            "name_prefix": "",
            "path": "/",
            "permissions_boundary": "",
            "tags": null,
            "tags_all": {},
            "unique_id": "AROA5W33BWEKMC3ORD55A"
          },
          "sensitive_attributes": [],
          "private": "bnVsbA==",
          "dependencies": [
            "module.lambdas.data.aws_iam_policy.lambda_basic_execution"
          ]
        }
      ]
    },
    {
      "module": "module.lambdas",
      "mode": "managed",
      "type": "aws_lambda_function",
      "name": "layer_example",
      "provider": "provider[\"registry.terraform.io/hashicorp/aws\"]",
      "instances": [
        {
          "schema_version": 0,
          "attributes": {
            "architectures": [
              "x86_64"
            ],
            "arn": "arn:aws:lambda:us-east-2:942466511124:function:layer-example",
            "code_sha256": "cpgEKUxz+TMEhu8K/XzWmIozBbDdgnZwCWNh87DVPXw=",
            "code_signing_config_arn": "",
            "dead_letter_config": [],
            "description": "Function demonstrating the use of a Lambda layer",
            "environment": [],
            "ephemeral_storage": [
              {
                "size": 512
              }
            ],
            "file_system_config": [],
            "filename": "modules/lambda/tmp/layer-example.zip",
            "function_name": "layer-example",
            "handler": "index.lambda_handler",
            "id": "layer-example",
            "image_config": [],
            "image_uri": "",
            "invoke_arn": "arn:aws:apigateway:us-east-2:lambda:path/2015-03-31/functions/arn:aws:lambda:us-east-2:942466511124:function:layer-example/invocations",
            "kms_key_arn": "",
            "last_modified": "2024-09-29T19:32:57.587+0000",
            "layers": [
              "arn:aws:lambda:us-east-2:942466511124:layer:test-lambda-layer:1"
            ],
            "logging_config": [
              {
                "application_log_level": "",
                "log_format": "Text",
                "log_group": "/aws/lambda/layer-example",
                "system_log_level": ""
              }
            ],
            "memory_size": 128,
            "package_type": "Zip",
            "publish": false,
            "qualified_arn": "arn:aws:lambda:us-east-2:942466511124:function:layer-example:$LATEST",
            "qualified_invoke_arn": "arn:aws:apigateway:us-east-2:lambda:path/2015-03-31/functions/arn:aws:lambda:us-east-2:942466511124:function:layer-example:$LATEST/invocations",
            "replace_security_groups_on_destroy": null,
            "replacement_security_group_ids": null,
            "reserved_concurrent_executions": -1,
            "role": "arn:aws:iam::942466511124:role/LayerExampleLambdaExecutionRole",
            "runtime": "python3.11",
            "s3_bucket": null,
            "s3_key": null,
            "s3_object_version": null,
            "signing_job_arn": "",
            "signing_profile_version_arn": "",
            "skip_destroy": false,
            "snap_start": [],
            "source_code_hash": "cpgEKUxz+TMEhu8K/XzWmIozBbDdgnZwCWNh87DVPXw=",
            "source_code_size": 322,
            "tags": null,
            "tags_all": {},
            "timeout": 3,
            "timeouts": null,
            "tracing_config": [
              {
                "mode": "PassThrough"
              }
            ],
            "version": "$LATEST",
            "vpc_config": []
          },
          "sensitive_attributes": [],
          "private": "eyJlMmJmYjczMC1lY2FhLTExZTYtOGY4OC0zNDM2M2JjN2M0YzAiOnsiY3JlYXRlIjo2MDAwMDAwMDAwMDAsImRlbGV0ZSI6NjAwMDAwMDAwMDAwLCJ1cGRhdGUiOjYwMDAwMDAwMDAwMH19",
          "dependencies": [
            "module.lambdas.aws_iam_role.layer_example",
            "module.lambdas.data.archive_file.layer_example_zip",
            "module.lambdas.data.aws_iam_policy.lambda_basic_execution",
            "module.lambdas.data.aws_lambda_layer_version.example_lambda_layer"
          ]
        }
      ]
    },
    {
      "module": "module.ssm_parameters",
      "mode": "managed",
      "type": "aws_ssm_parameter",
      "name": "snowflake_aws_password",
      "provider": "provider[\"registry.terraform.io/hashicorp/aws\"]",
      "instances": [
        {
          "schema_version": 0,
          "attributes": {
            "allowed_pattern": "",
            "arn": "arn:aws:ssm:us-east-2:942466511124:parameter/snowflake/aws/password/development",
            "data_type": "text",
            "description": "",
            "id": "/snowflake/aws/password/development",
            "insecure_value": null,
            "key_id": "alias/aws/ssm",
            "name": "/snowflake/aws/password/development",
            "overwrite": null,
            "tags": {},
            "tags_all": {},
            "tier": "Standard",
            "type": "SecureString",
            "value": "changeme",
            "version": 1
          },
          "sensitive_attributes": [
            [
              {
                "type": "get_attr",
                "value": "value"
              }
            ]
          ],
          "private": "bnVsbA=="
        }
      ]
    },
    {
      "module": "module.ssm_parameters",
      "mode": "managed",
      "type": "aws_ssm_parameter",
      "name": "snowflake_aws_role",
      "provider": "provider[\"registry.terraform.io/hashicorp/aws\"]",
      "instances": [
        {
          "schema_version": 0,
          "attributes": {
            "allowed_pattern": "",
            "arn": "arn:aws:ssm:us-east-2:942466511124:parameter/snowflake/aws/role/development",
            "data_type": "text",
            "description": "",
            "id": "/snowflake/aws/role/development",
            "insecure_value": null,
            "key_id": "alias/aws/ssm",
            "name": "/snowflake/aws/role/development",
            "overwrite": null,
            "tags": {},
            "tags_all": {},
            "tier": "Standard",
            "type": "SecureString",
            "value": "changeme",
            "version": 1
          },
          "sensitive_attributes": [
            [
              {
                "type": "get_attr",
                "value": "value"
              }
            ]
          ],
          "private": "bnVsbA=="
        }
      ]
    },
    {
      "module": "module.ssm_parameters",
      "mode": "managed",
      "type": "aws_ssm_parameter",
      "name": "snowflake_aws_username",
      "provider": "provider[\"registry.terraform.io/hashicorp/aws\"]",
      "instances": [
        {
          "schema_version": 0,
          "attributes": {
            "allowed_pattern": "",
            "arn": "arn:aws:ssm:us-east-2:942466511124:parameter/snowflake/aws/username/development",
            "data_type": "text",
            "description": "",
            "id": "/snowflake/aws/username/development",
            "insecure_value": null,
            "key_id": "alias/aws/ssm",
            "name": "/snowflake/aws/username/development",
            "overwrite": null,
            "tags": {},
            "tags_all": {},
            "tier": "Standard",
            "type": "SecureString",
            "value": "changeme",
            "version": 1
          },
          "sensitive_attributes": [
            [
              {
                "type": "get_attr",
                "value": "value"
              }
            ]
          ],
          "private": "bnVsbA=="
        }
      ]
    },
    {
      "module": "module.ssm_parameters",
      "mode": "managed",
      "type": "aws_ssm_parameter",
      "name": "snowflake_aws_warehouse",
      "provider": "provider[\"registry.terraform.io/hashicorp/aws\"]",
      "instances": [
        {
          "schema_version": 0,
          "attributes": {
            "allowed_pattern": "",
            "arn": "arn:aws:ssm:us-east-2:942466511124:parameter/snowflake/aws/warehouse/development",
            "data_type": "text",
            "description": "",
            "id": "/snowflake/aws/warehouse/development",
            "insecure_value": null,
            "key_id": "alias/aws/ssm",
            "name": "/snowflake/aws/warehouse/development",
            "overwrite": null,
            "tags": {},
            "tags_all": {},
            "tier": "Standard",
            "type": "SecureString",
            "value": "changeme",
            "version": 1
          },
          "sensitive_attributes": [
            [
              {
                "type": "get_attr",
                "value": "value"
              }
            ]
          ],
          "private": "bnVsbA=="
        }
      ]
    },
    {
      "module": "module.ssm_parameters.module.iam_policy_snowflake_aws_credentials_read_only",
      "mode": "managed",
      "type": "aws_iam_policy",
      "name": "snowflake_aws_credentials_read_only_policy",
      "provider": "provider[\"registry.terraform.io/hashicorp/aws\"]",
      "instances": [
        {
          "schema_version": 0,
          "attributes": {
            "arn": "arn:aws:iam::942466511124:policy/ssm-param-read-only-development",
            "attachment_count": 0,
            "description": "Read only access for Snowflake AWS credentials in development environment",
            "id": "arn:aws:iam::942466511124:policy/ssm-param-read-only-development",
            "name": "ssm-param-read-only-development",
            "name_prefix": "",
            "path": "/",
            "policy": "{\"Statement\":[{\"Action\":[\"ssm:GetParametersByPath\",\"ssm:GetParameters\",\"ssm:GetParameter\",\"ssm:DescribeParameters\"],\"Effect\":\"Allow\",\"Resource\":[\"arn:aws:ssm:us-east-2:942466511124:parameter/snowflake/aws/username/development\",\"arn:aws:ssm:us-east-2:942466511124:parameter/snowflake/aws/password/development\",\"arn:aws:ssm:us-east-2:942466511124:parameter/snowflake/aws/role/development\",\"arn:aws:ssm:us-east-2:942466511124:parameter/snowflake/aws/warehouse/development\"]}],\"Version\":\"2012-10-17\"}",
            "policy_id": "ANPA5W33BWEKD242O7CCK",
            "tags": {},
            "tags_all": {}
          },
          "sensitive_attributes": [],
          "private": "bnVsbA==",
          "dependencies": [
            "module.ssm_parameters.aws_ssm_parameter.snowflake_aws_password",
            "module.ssm_parameters.aws_ssm_parameter.snowflake_aws_role",
            "module.ssm_parameters.aws_ssm_parameter.snowflake_aws_username",
            "module.ssm_parameters.aws_ssm_parameter.snowflake_aws_warehouse"
          ]
        }
      ]
    }
  ],
  "check_results": null
}
