{
  "version": 4,
  "terraform_version": "1.8.0",
  "serial": 25,
  "lineage": "2246738d-9e70-2175-4363-39e40c27cc78",
  "outputs": {},
  "resources": [
    {
      "module": "module.ssm_parameters",
      "mode": "managed",
      "type": "aws_ssm_parameter",
      "name": "snowflake_aws_password",
      "provider": "provider[\"registry.terraform.io/hashicorp/aws\"]",
      "instances": [
        {
          "schema_version": 0,
          "attributes": {
            "allowed_pattern": "",
            "arn": "arn:aws:ssm:us-east-2:942466511124:parameter/snowflake/aws/password/development",
            "data_type": "text",
            "description": "",
            "id": "/snowflake/aws/password/development",
            "insecure_value": null,
            "key_id": "alias/aws/ssm",
            "name": "/snowflake/aws/password/development",
            "overwrite": null,
            "tags": {},
            "tags_all": {},
            "tier": "Standard",
            "type": "SecureString",
            "value": "password",
            "version": 2
          },
          "sensitive_attributes": [
            [
              {
                "type": "get_attr",
                "value": "value"
              }
            ]
          ],
          "private": "bnVsbA=="
        }
      ]
    },
    {
      "module": "module.ssm_parameters",
      "mode": "managed",
      "type": "aws_ssm_parameter",
      "name": "snowflake_aws_role",
      "provider": "provider[\"registry.terraform.io/hashicorp/aws\"]",
      "instances": [
        {
          "schema_version": 0,
          "attributes": {
            "allowed_pattern": "",
            "arn": "arn:aws:ssm:us-east-2:942466511124:parameter/snowflake/aws/role/development",
            "data_type": "text",
            "description": "",
            "id": "/snowflake/aws/role/development",
            "insecure_value": null,
            "key_id": "alias/aws/ssm",
            "name": "/snowflake/aws/role/development",
            "overwrite": null,
            "tags": {},
            "tags_all": {},
            "tier": "Standard",
            "type": "SecureString",
            "value": "changeme",
            "version": 1
          },
          "sensitive_attributes": [
            [
              {
                "type": "get_attr",
                "value": "value"
              }
            ]
          ],
          "private": "bnVsbA=="
        }
      ]
    },
    {
      "module": "module.ssm_parameters",
      "mode": "managed",
      "type": "aws_ssm_parameter",
      "name": "snowflake_aws_username",
      "provider": "provider[\"registry.terraform.io/hashicorp/aws\"]",
      "instances": [
        {
          "schema_version": 0,
          "attributes": {
            "allowed_pattern": "",
            "arn": "arn:aws:ssm:us-east-2:942466511124:parameter/snowflake/aws/username/development",
            "data_type": "text",
            "description": "",
            "id": "/snowflake/aws/username/development",
            "insecure_value": null,
            "key_id": "alias/aws/ssm",
            "name": "/snowflake/aws/username/development",
            "overwrite": null,
            "tags": {},
            "tags_all": {},
            "tier": "Standard",
            "type": "SecureString",
            "value": "changeme",
            "version": 1
          },
          "sensitive_attributes": [
            [
              {
                "type": "get_attr",
                "value": "value"
              }
            ]
          ],
          "private": "bnVsbA=="
        }
      ]
    },
    {
      "module": "module.ssm_parameters",
      "mode": "managed",
      "type": "aws_ssm_parameter",
      "name": "snowflake_aws_warehouse",
      "provider": "provider[\"registry.terraform.io/hashicorp/aws\"]",
      "instances": [
        {
          "schema_version": 0,
          "attributes": {
            "allowed_pattern": "",
            "arn": "arn:aws:ssm:us-east-2:942466511124:parameter/snowflake/aws/warehouse/development",
            "data_type": "text",
            "description": "",
            "id": "/snowflake/aws/warehouse/development",
            "insecure_value": null,
            "key_id": "alias/aws/ssm",
            "name": "/snowflake/aws/warehouse/development",
            "overwrite": null,
            "tags": {},
            "tags_all": {},
            "tier": "Standard",
            "type": "SecureString",
            "value": "changeme",
            "version": 1
          },
          "sensitive_attributes": [
            [
              {
                "type": "get_attr",
                "value": "value"
              }
            ]
          ],
          "private": "bnVsbA=="
        }
      ]
    },
    {
      "module": "module.ssm_parameters.module.iam_policy_snowflake_aws_credentials_read_only",
      "mode": "managed",
      "type": "aws_iam_policy",
      "name": "snowflake_aws_credentials_read_only_policy",
      "provider": "provider[\"registry.terraform.io/hashicorp/aws\"]",
      "instances": [
        {
          "schema_version": 0,
          "attributes": {
            "arn": "arn:aws:iam::942466511124:policy/ssm-param-read-only-development",
            "attachment_count": 0,
            "description": "Read only access for Snowflake AWS credentials in development environment",
            "id": "arn:aws:iam::942466511124:policy/ssm-param-read-only-development",
            "name": "ssm-param-read-only-development",
            "name_prefix": "",
            "path": "/",
            "policy": "{\"Statement\":[{\"Action\":[\"ssm:GetParametersByPath\",\"ssm:GetParameters\",\"ssm:GetParameter\",\"ssm:DescribeParameters\"],\"Effect\":\"Allow\",\"Resource\":[\"arn:aws:ssm:us-east-2:942466511124:parameter/snowflake/aws/username/development\",\"arn:aws:ssm:us-east-2:942466511124:parameter/snowflake/aws/password/development\",\"arn:aws:ssm:us-east-2:942466511124:parameter/snowflake/aws/role/development\",\"arn:aws:ssm:us-east-2:942466511124:parameter/snowflake/aws/warehouse/development\"]}],\"Version\":\"2012-10-17\"}",
            "policy_id": "ANPA5W33BWEKORLWZC4NX",
            "tags": {},
            "tags_all": {}
          },
          "sensitive_attributes": [],
          "private": "bnVsbA==",
          "dependencies": [
            "module.ssm_parameters.aws_ssm_parameter.snowflake_aws_password",
            "module.ssm_parameters.aws_ssm_parameter.snowflake_aws_role",
            "module.ssm_parameters.aws_ssm_parameter.snowflake_aws_username",
            "module.ssm_parameters.aws_ssm_parameter.snowflake_aws_warehouse"
          ]
        }
      ]
    }
  ],
  "check_results": null
}
